
Microsoft Visual Studio Solution File, Format Version 12.00
# Visual Studio Version 16
VisualStudioVersion = 16.0.30611.23
MinimumVisualStudioVersion = 10.0.40219.1
Project("{FAE04EC0-301F-11D3-BF4B-00C04F79EFBC}") = "Obstacle detection", "Obstacle detection.csproj", "{9DD8BAD3-D1FC-4AAD-BE3B-B61858F26D18}"
EndProject
Global
	GlobalSection(SolutionConfigurationPlatforms) = preSolution
		Debug|Any CPU = Debug|Any CPU
		Release|Any CPU = Release|Any CPU
	EndGlobalSection
	GlobalSection(ProjectConfigurationPlatforms) = postSolution
		{9DD8BAD3-D1FC-4AAD-BE3B-B61858F26D18}.Debug|Any CPU.ActiveCfg = Debug|Any CPU
		{9DD8BAD3-D1FC-4AAD-BE3B-B61858F26D18}.Debug|Any CPU.Build.0 = Debug|Any CPU
		{9DD8BAD3-D1FC-4AAD-BE3B-B61858F26D18}.Release|Any CPU.ActiveCfg = Release|Any CPU
		{9DD8BAD3-D1FC-4AAD-BE3B-B61858F26D18}.Release|Any CPU.Build.0 = Release|Any CPU
	EndGlobalSection
	GlobalSection(SolutionProperties) = preSolution
		HideSolutionNode = FALSE
	EndGlobalSection
	GlobalSection(ExtensibilityGlobals) = postSolution
		SolutionGuid = {4C4CA418-3E3F-485E-B50E-2D740EEA3DC7}
	EndGlobalSection
EndGlobal
